
Microsoft Visual Studio Solution File, Format Version 12.00
# Visual Studio 15
VisualStudioVersion = 15.0.28010.2050
MinimumVisualStudioVersion = 10.0.40219.1
Project("{FAE04EC0-301F-11D3-BF4B-00C04F79EFBC}") = "MikkelsSkinkeKutter", "MikkelsSkinkeKutter\MikkelsSkinkeKutter.csproj", "{C7FBA528-FA51-4153-924B-C913BA99A88D}"
EndProject
Global
	GlobalSection(SolutionConfigurationPlatforms) = preSolution
		Debug|Any CPU = Debug|Any CPU
		Release|Any CPU = Release|Any CPU
	EndGlobalSection
	GlobalSection(ProjectConfigurationPlatforms) = postSolution
		{C7FBA528-FA51-4153-924B-C913BA99A88D}.Debug|Any CPU.ActiveCfg = Debug|Any CPU
		{C7FBA528-FA51-4153-924B-C913BA99A88D}.Debug|Any CPU.Build.0 = Debug|Any CPU
		{C7FBA528-FA51-4153-924B-C913BA99A88D}.Release|Any CPU.ActiveCfg = Release|Any CPU
		{C7FBA528-FA51-4153-924B-C913BA99A88D}.Release|Any CPU.Build.0 = Release|Any CPU
	EndGlobalSection
	GlobalSection(SolutionProperties) = preSolution
		HideSolutionNode = FALSE
	EndGlobalSection
	GlobalSection(ExtensibilityGlobals) = postSolution
		SolutionGuid = {93836690-2999-4456-B0A6-579C9C387ACA}
	EndGlobalSection
EndGlobal
